# This file is automatically @generated by Cargo.
# It is not intended for manual editing.
version = 4

[[package]]
name = "allocator-api2"
version = "0.2.21"
source = "registry+https://github.com/rust-lang/crates.io-index"
checksum = "683d7910e743518b0e34f1186f92494becacb047c7b6bf616c96772180fef923"

[[package]]
name = "anyhow"
version = "1.0.98"
source = "registry+https://github.com/rust-lang/crates.io-index"
checksum = "e16d2d3311acee920a9eb8d33b8cbc1787ce4a264e85f964c2404b969bdcd487"

[[package]]
name = "arbitrary"
version = "1.4.1"
source = "registry+https://github.com/rust-lang/crates.io-index"
checksum = "dde20b3d026af13f561bdd0f15edf01fc734f0dafcedbaf42bba506a9517f223"

[[package]]
name = "bitflags"
version = "2.9.0"
source = "registry+https://github.com/rust-lang/crates.io-index"
checksum = "5c8214115b7bf84099f1309324e63141d4c5d7cc26862f97a0a857dbefe165bd"

[[package]]
name = "bumpalo"
version = "3.17.0"
source = "registry+https://github.com/rust-lang/crates.io-index"
checksum = "1628fb46dfa0b37568d12e5edd512553eccf6a22a78e8bde00bb4aed84d5bdbf"
dependencies = [
 "allocator-api2",
]

[[package]]
name = "cc"
version = "1.2.23"
source = "registry+https://github.com/rust-lang/crates.io-index"
checksum = "5f4ac86a9e5bc1e2b3449ab9d7d3a6a405e3d1bb28d7b9be8614f55846ae3766"
dependencies = [
 "shlex",
]

[[package]]
name = "cfg-if"
version = "1.0.0"
source = "registry+https://github.com/rust-lang/crates.io-index"
checksum = "baf1de4339761588bc0619e3cbc0120ee582ebb74b53b4efbf79117bd2da40fd"

[[package]]
name = "cranelift"
version = "0.120.0"
source = "registry+https://github.com/rust-lang/crates.io-index"
checksum = "05e20b81562751d4721684fde9fb8134d2ed33f44c38dde55ca787e5224e1a66"
dependencies = [
 "cranelift-codegen",
 "cranelift-frontend",
 "cranelift-module",
]

[[package]]
name = "cranelift-assembler-x64"
version = "0.120.0"
source = "registry+https://github.com/rust-lang/crates.io-index"
checksum = "9ff8e35182c7372df00447cb90a04e584e032c42b9b9b6e8c50ddaaf0d7900d5"
dependencies = [
 "cranelift-assembler-x64-meta",
]

[[package]]
name = "cranelift-assembler-x64-meta"
version = "0.120.0"
source = "registry+https://github.com/rust-lang/crates.io-index"
checksum = "14220f9c2698015c3b94dc6b84ae045c1c45509ddc406e43c6139252757fdb7a"
dependencies = [
 "cranelift-srcgen",
]

[[package]]
name = "cranelift-bforest"
version = "0.120.0"
source = "registry+https://github.com/rust-lang/crates.io-index"
checksum = "d372ef2777ceefd75829e1390211ac240e9196bc60699218f7ea2419038288ee"
dependencies = [
 "cranelift-entity",
]

[[package]]
name = "cranelift-bitset"
version = "0.120.0"
source = "registry+https://github.com/rust-lang/crates.io-index"
checksum = "56323783e423818fa89ce8078e90a3913d2a6e0810399bfce8ebd7ee87baa81f"

[[package]]
name = "cranelift-codegen"
version = "0.120.0"
source = "registry+https://github.com/rust-lang/crates.io-index"
checksum = "74ffb780aab6186c6e9ba26519654b1ac55a09c0a866f6088a4efbbd84da68ed"
dependencies = [
 "bumpalo",
 "cranelift-assembler-x64",
 "cranelift-bforest",
 "cranelift-bitset",
 "cranelift-codegen-meta",
 "cranelift-codegen-shared",
 "cranelift-control",
 "cranelift-entity",
 "cranelift-isle",
 "gimli",
 "hashbrown",
 "log",
 "regalloc2",
 "rustc-hash",
 "serde",
 "smallvec",
 "target-lexicon",
]

[[package]]
name = "cranelift-codegen-meta"
version = "0.120.0"
source = "registry+https://github.com/rust-lang/crates.io-index"
checksum = "c23ef13814d3b39c869650d5961128cbbecad83fbdff4e6836a03ecf6862d7ed"
dependencies = [
 "cranelift-assembler-x64-meta",
 "cranelift-codegen-shared",
 "cranelift-srcgen",
]

[[package]]
name = "cranelift-codegen-shared"
version = "0.120.0"
source = "registry+https://github.com/rust-lang/crates.io-index"
checksum = "b9f623300657679f847803ce80811454bfff89cea4f6bf684be5c468d4a73631"

[[package]]
name = "cranelift-control"
version = "0.120.0"
source = "registry+https://github.com/rust-lang/crates.io-index"
checksum = "31f4168af69989aa6b91fab46799ed4df6096f3209f4a6c8fb4358f49c60188f"
dependencies = [
 "arbitrary",
]

[[package]]
name = "cranelift-entity"
version = "0.120.0"
source = "registry+https://github.com/rust-lang/crates.io-index"
checksum = "ca6fa9bae1c8de26d71ac2162f069447610fd91e7780cb480ee0d76ac81eabb8"
dependencies = [
 "cranelift-bitset",
]

[[package]]
name = "cranelift-frontend"
version = "0.120.0"
source = "registry+https://github.com/rust-lang/crates.io-index"
checksum = "b8219205608aa0b0e6769b580284a7e055c7e0c323c1041cde7ca078add3e412"
dependencies = [
 "cranelift-codegen",
 "log",
 "smallvec",
 "target-lexicon",
]

[[package]]
name = "cranelift-isle"
version = "0.120.0"
source = "registry+https://github.com/rust-lang/crates.io-index"
checksum = "588d0c5964f10860b04043e55aab26d7f7a206b0fd4f10c5260e8aa5773832bd"

[[package]]
name = "cranelift-module"
version = "0.120.0"
source = "registry+https://github.com/rust-lang/crates.io-index"
checksum = "68a03c057d8a992e06596c871341e446af43ff9224f941e5b8adea39137a5391"
dependencies = [
 "anyhow",
 "cranelift-codegen",
 "cranelift-control",
]

[[package]]
name = "cranelift-native"
version = "0.120.0"
source = "registry+https://github.com/rust-lang/crates.io-index"
checksum = "19ed3c94cb97b14f92b6a94a1d45ef8c851f6a2ad9114e5d91d233f7da638fed"
dependencies = [
 "cranelift-codegen",
 "libc",
 "target-lexicon",
]

[[package]]
name = "cranelift-object"
version = "0.120.0"
source = "registry+https://github.com/rust-lang/crates.io-index"
checksum = "a64dacef362a69375a604f6636e5e9a174fb96dba3b273646fcd9fa85c1d0997"
dependencies = [
 "anyhow",
 "cranelift-codegen",
 "cranelift-control",
 "cranelift-module",
 "log",
 "object",
 "target-lexicon",
]

[[package]]
name = "cranelift-srcgen"
version = "0.120.0"
source = "registry+https://github.com/rust-lang/crates.io-index"
checksum = "85256fac1519a7d25a040c1d850fba67478f3f021ad5fdf738ba4425ee862dbf"

[[package]]
name = "crc32fast"
version = "1.4.2"
source = "registry+https://github.com/rust-lang/crates.io-index"
checksum = "a97769d94ddab943e4510d138150169a2758b5ef3eb191a9ee688de3e23ef7b3"
dependencies = [
 "cfg-if",
]

[[package]]
name = "cx"
version = "0.0.0"
dependencies = [
 "cx-exec-data",
 "cx-exec-pipeline",
]

[[package]]
name = "cx-backend-cranelift"
version = "0.0.0"
dependencies = [
 "cranelift",
 "cranelift-module",
 "cranelift-native",
 "cranelift-object",
 "cx-data-ast",
 "cx-data-bytecode",
 "cx-util",
]

[[package]]
name = "cx-backend-llvm"
version = "0.0.0"
dependencies = [
 "cx-data-bytecode",
 "cx-exec-data",
 "cx-util",
 "inkwell",
]

[[package]]
name = "cx-compiler-ast"
version = "0.0.0"
dependencies = [
 "cx-compiler-modules",
 "cx-data-ast",
 "cx-exec-data",
 "cx-util",
]

[[package]]
name = "cx-compiler-bytecode"
version = "0.0.0"
dependencies = [
 "cx-compiler-ast",
 "cx-data-ast",
 "cx-data-bytecode",
 "cx-util",
]

[[package]]
name = "cx-compiler-modules"
version = "0.0.0"
dependencies = [
 "cx-data-ast",
 "serde_json",
]

[[package]]
name = "cx-compiler-typechecker"
version = "0.0.0"
dependencies = [
 "cx-compiler-ast",
 "cx-compiler-modules",
 "cx-data-ast",
 "cx-data-bytecode",
 "cx-exec-data",
 "cx-util",
 "uuid",
]

[[package]]
name = "cx-data-ast"
version = "0.0.0"
dependencies = [
 "cx-util",
 "serde",
 "uuid",
]

[[package]]
name = "cx-data-bytecode"
version = "0.0.0"
dependencies = [
 "cx-data-ast",
]

[[package]]
name = "cx-exec-data"
version = "0.1.0"

[[package]]
name = "cx-exec-pipeline"
version = "0.0.0"
dependencies = [
 "cx-backend-cranelift",
 "cx-backend-llvm",
 "cx-compiler-ast",
 "cx-compiler-bytecode",
 "cx-compiler-modules",
 "cx-compiler-typechecker",
 "cx-data-ast",
 "cx-data-bytecode",
 "cx-exec-data",
 "cx-util",
]

[[package]]
name = "cx-util"
version = "0.0.0"

[[package]]
name = "either"
version = "1.15.0"
source = "registry+https://github.com/rust-lang/crates.io-index"
checksum = "48c757948c5ede0e46177b7add2e67155f70e33c07fea8284df6576da70b3719"

[[package]]
name = "equivalent"
version = "1.0.2"
source = "registry+https://github.com/rust-lang/crates.io-index"
checksum = "877a4ace8713b0bcf2a4e7eec82529c029f1d0619886d18145fea96c3ffe5c0f"

[[package]]
name = "fallible-iterator"
version = "0.3.0"
source = "registry+https://github.com/rust-lang/crates.io-index"
checksum = "2acce4a10f12dc2fb14a218589d4f1f62ef011b2d0cc4b3cb1bba8e94da14649"

[[package]]
name = "foldhash"
version = "0.1.5"
source = "registry+https://github.com/rust-lang/crates.io-index"
checksum = "d9c4f5dac5e15c24eb999c26181a6ca40b39fe946cbe4c263c7209467bc83af2"

[[package]]
name = "getrandom"
version = "0.3.3"
source = "registry+https://github.com/rust-lang/crates.io-index"
checksum = "26145e563e54f2cadc477553f1ec5ee650b00862f0a58bcd12cbdc5f0ea2d2f4"
dependencies = [
 "cfg-if",
 "libc",
 "r-efi",
 "wasi",
]

[[package]]
name = "gimli"
version = "0.31.1"
source = "registry+https://github.com/rust-lang/crates.io-index"
checksum = "07e28edb80900c19c28f1072f2e8aeca7fa06b23cd4169cefe1af5aa3260783f"
dependencies = [
 "fallible-iterator",
 "indexmap",
 "stable_deref_trait",
]

[[package]]
name = "hashbrown"
version = "0.15.3"
source = "registry+https://github.com/rust-lang/crates.io-index"
checksum = "84b26c544d002229e640969970a2e74021aadf6e2f96372b9c58eff97de08eb3"
dependencies = [
 "foldhash",
]

[[package]]
name = "indexmap"
version = "2.9.0"
source = "registry+https://github.com/rust-lang/crates.io-index"
checksum = "cea70ddb795996207ad57735b50c5982d8844f38ba9ee5f1aedcfb708a2aa11e"
dependencies = [
 "equivalent",
 "hashbrown",
]

[[package]]
name = "inkwell"
version = "0.6.0"
source = "registry+https://github.com/rust-lang/crates.io-index"
checksum = "e67349bd7578d4afebbe15eaa642a80b884e8623db74b1716611b131feb1deef"
dependencies = [
 "either",
 "inkwell_internals",
 "libc",
 "llvm-sys",
 "once_cell",
 "thiserror",
]

[[package]]
name = "inkwell_internals"
version = "0.11.0"
source = "registry+https://github.com/rust-lang/crates.io-index"
checksum = "f365c8de536236cfdebd0ba2130de22acefed18b1fb99c32783b3840aec5fb46"
dependencies = [
 "proc-macro2",
 "quote",
 "syn",
]

[[package]]
name = "integration-tests"
version = "0.1.0"
dependencies = [
 "cx-exec-data",
 "cx-exec-pipeline",
]

[[package]]
name = "itoa"
version = "1.0.15"
source = "registry+https://github.com/rust-lang/crates.io-index"
checksum = "4a5f13b858c8d314ee3e8f639011f7ccefe71f97f96e50151fb991f267928e2c"

[[package]]
name = "lazy_static"
version = "1.5.0"
source = "registry+https://github.com/rust-lang/crates.io-index"
checksum = "bbd2bcb4c963f2ddae06a2efc7e9f3591312473c50c6685e1f298068316e66fe"

[[package]]
name = "libc"
version = "0.2.169"
source = "registry+https://github.com/rust-lang/crates.io-index"
checksum = "b5aba8db14291edd000dfcc4d620c7ebfb122c613afb886ca8803fa4e128a20a"

[[package]]
name = "llvm-sys"
version = "181.2.0"
source = "registry+https://github.com/rust-lang/crates.io-index"
checksum = "d320f9d2723c97d4b78f9190a61ed25cc7cfbe456668c08e6e7dd8e50ceb8500"
dependencies = [
 "anyhow",
 "cc",
 "lazy_static",
 "libc",
 "regex-lite",
 "semver",
]

[[package]]
name = "log"
version = "0.4.27"
source = "registry+https://github.com/rust-lang/crates.io-index"
checksum = "13dc2df351e3202783a1fe0d44375f7295ffb4049267b0f3018346dc122a1d94"

[[package]]
name = "memchr"
version = "2.7.4"
source = "registry+https://github.com/rust-lang/crates.io-index"
checksum = "78ca9ab1a0babb1e7d5695e3530886289c18cf2f87ec19a575a0abdce112e3a3"

[[package]]
name = "object"
version = "0.36.7"
source = "registry+https://github.com/rust-lang/crates.io-index"
checksum = "62948e14d923ea95ea2c7c86c71013138b66525b86bdc08d2dcc262bdb497b87"
dependencies = [
 "crc32fast",
 "hashbrown",
 "indexmap",
 "memchr",
]

[[package]]
name = "once_cell"
version = "1.21.3"
source = "registry+https://github.com/rust-lang/crates.io-index"
checksum = "42f5e15c9953c5e4ccceeb2e7382a716482c34515315f7b03532b8b4e8393d2d"

[[package]]
name = "proc-macro2"
version = "1.0.93"
source = "registry+https://github.com/rust-lang/crates.io-index"
checksum = "60946a68e5f9d28b0dc1c21bb8a97ee7d018a8b322fa57838ba31cc878e22d99"
dependencies = [
 "unicode-ident",
]

[[package]]
name = "quote"
version = "1.0.38"
source = "registry+https://github.com/rust-lang/crates.io-index"
checksum = "0e4dccaaaf89514f546c693ddc140f729f958c247918a13380cccc6078391acc"
dependencies = [
 "proc-macro2",
]

[[package]]
name = "r-efi"
version = "5.2.0"
source = "registry+https://github.com/rust-lang/crates.io-index"
checksum = "74765f6d916ee2faa39bc8e68e4f3ed8949b48cccdac59983d287a7cb71ce9c5"

[[package]]
name = "regalloc2"
version = "0.12.2"
source = "registry+https://github.com/rust-lang/crates.io-index"
checksum = "5216b1837de2149f8bc8e6d5f88a9326b63b8c836ed58ce4a0a29ec736a59734"
dependencies = [
 "allocator-api2",
 "bumpalo",
 "hashbrown",
 "log",
 "rustc-hash",
 "smallvec",
]

[[package]]
name = "regex-lite"
version = "0.1.6"
source = "registry+https://github.com/rust-lang/crates.io-index"
checksum = "53a49587ad06b26609c52e423de037e7f57f20d53535d66e08c695f347df952a"

[[package]]
name = "rustc-hash"
version = "2.1.1"
source = "registry+https://github.com/rust-lang/crates.io-index"
checksum = "357703d41365b4b27c590e3ed91eabb1b663f07c4c084095e60cbed4362dff0d"

[[package]]
name = "ryu"
version = "1.0.20"
source = "registry+https://github.com/rust-lang/crates.io-index"
checksum = "28d3b2b1366ec20994f1fd18c3c594f05c5dd4bc44d8bb0c1c632c8d6829481f"

[[package]]
name = "semver"
version = "1.0.26"
source = "registry+https://github.com/rust-lang/crates.io-index"
checksum = "56e6fa9c48d24d85fb3de5ad847117517440f6beceb7798af16b4a87d616b8d0"

[[package]]
name = "serde"
version = "1.0.217"
source = "registry+https://github.com/rust-lang/crates.io-index"
checksum = "02fc4265df13d6fa1d00ecff087228cc0a2b5f3c0e87e258d8b94a156e984c70"
dependencies = [
 "serde_derive",
]

[[package]]
name = "serde_derive"
version = "1.0.217"
source = "registry+https://github.com/rust-lang/crates.io-index"
checksum = "5a9bf7cf98d04a2b28aead066b7496853d4779c9cc183c440dbac457641e19a0"
dependencies = [
 "proc-macro2",
 "quote",
 "syn",
]

[[package]]
name = "serde_json"
version = "1.0.140"
source = "registry+https://github.com/rust-lang/crates.io-index"
checksum = "20068b6e96dc6c9bd23e01df8827e6c7e1f2fddd43c21810382803c136b99373"
dependencies = [
 "itoa",
 "memchr",
 "ryu",
 "serde",
]

[[package]]
name = "shlex"
version = "1.3.0"
source = "registry+https://github.com/rust-lang/crates.io-index"
checksum = "0fda2ff0d084019ba4d7c6f371c95d8fd75ce3524c3cb8fb653a3023f6323e64"

[[package]]
name = "smallvec"
version = "1.13.2"
source = "registry+https://github.com/rust-lang/crates.io-index"
checksum = "3c5e1a9a646d36c3599cd173a41282daf47c44583ad367b8e6837255952e5c67"

[[package]]
name = "stable_deref_trait"
version = "1.2.0"
source = "registry+https://github.com/rust-lang/crates.io-index"
checksum = "a8f112729512f8e442d81f95a8a7ddf2b7c6b8a1a6f509a95864142b30cab2d3"

[[package]]
name = "syn"
version = "2.0.96"
source = "registry+https://github.com/rust-lang/crates.io-index"
checksum = "d5d0adab1ae378d7f53bdebc67a39f1f151407ef230f0ce2883572f5d8985c80"
dependencies = [
 "proc-macro2",
 "quote",
 "unicode-ident",
]

[[package]]
name = "target-lexicon"
version = "0.13.2"
source = "registry+https://github.com/rust-lang/crates.io-index"
checksum = "e502f78cdbb8ba4718f566c418c52bc729126ffd16baee5baa718cf25dd5a69a"

[[package]]
name = "thiserror"
version = "1.0.69"
source = "registry+https://github.com/rust-lang/crates.io-index"
checksum = "b6aaf5339b578ea85b50e080feb250a3e8ae8cfcdff9a461c9ec2904bc923f52"
dependencies = [
 "thiserror-impl",
]

[[package]]
name = "thiserror-impl"
version = "1.0.69"
source = "registry+https://github.com/rust-lang/crates.io-index"
checksum = "4fee6c4efc90059e10f81e6d42c60a18f76588c3d74cb83a0b242a2b6c7504c1"
dependencies = [
 "proc-macro2",
 "quote",
 "syn",
]

[[package]]
name = "unicode-ident"
version = "1.0.16"
source = "registry+https://github.com/rust-lang/crates.io-index"
checksum = "a210d160f08b701c8721ba1c726c11662f877ea6b7094007e1ca9a1041945034"

[[package]]
name = "uuid"
version = "1.16.0"
source = "registry+https://github.com/rust-lang/crates.io-index"
checksum = "458f7a779bf54acc9f347480ac654f68407d3aab21269a6e3c9f922acd9e2da9"
dependencies = [
 "getrandom",
]

[[package]]
name = "wasi"
version = "0.14.2+wasi-0.2.4"
source = "registry+https://github.com/rust-lang/crates.io-index"
checksum = "9683f9a5a998d873c0d21fcbe3c083009670149a8fab228644b8bd36b2c48cb3"
dependencies = [
 "wit-bindgen-rt",
]

[[package]]
name = "wit-bindgen-rt"
version = "0.39.0"
source = "registry+https://github.com/rust-lang/crates.io-index"
checksum = "6f42320e61fe2cfd34354ecb597f86f413484a798ba44a8ca1165c58d42da6c1"
dependencies = [
 "bitflags",
]
